
Microsoft Visual Studio Solution File, Format Version 12.00
# Visual Studio Version 17
VisualStudioVersion = 17.3.32901.215
MinimumVisualStudioVersion = 10.0.40219.1
Project("{FAE04EC0-301F-11D3-BF4B-00C04F79EFBC}") = "pesok.pro", "pesok.pro\pesok.pro.csproj", "{28924E5E-A814-4798-A7B2-117494F5C14D}"
EndProject
Global
	GlobalSection(SolutionConfigurationPlatforms) = preSolution
		Debug|Any CPU = Debug|Any CPU
		Release|Any CPU = Release|Any CPU
	EndGlobalSection
	GlobalSection(ProjectConfigurationPlatforms) = postSolution
		{28924E5E-A814-4798-A7B2-117494F5C14D}.Debug|Any CPU.ActiveCfg = Debug|Any CPU
		{28924E5E-A814-4798-A7B2-117494F5C14D}.Debug|Any CPU.Build.0 = Debug|Any CPU
		{28924E5E-A814-4798-A7B2-117494F5C14D}.Release|Any CPU.ActiveCfg = Release|Any CPU
		{28924E5E-A814-4798-A7B2-117494F5C14D}.Release|Any CPU.Build.0 = Release|Any CPU
	EndGlobalSection
	GlobalSection(SolutionProperties) = preSolution
		HideSolutionNode = FALSE
	EndGlobalSection
	GlobalSection(ExtensibilityGlobals) = postSolution
		SolutionGuid = {D912FB4E-FF3B-49B4-A529-EAE5FD3ED491}
	EndGlobalSection
EndGlobal
